{
  "requires": true,
  "lockfileVersion": 1,
  "dependencies": {
    "@fortawesome/fontawesome-free": {
      "version": "5.2.0",
      "resolved": "https://registry.npmjs.org/@fortawesome/fontawesome-free/-/fontawesome-free-5.2.0.tgz",
      "integrity": "sha512-4pgStJx9UmydKc7wwF6Xjw4dFqzUnQejeuP2aUNHWazayWbmMbrx5rieN9+oob4bUwkf1thS3am0Ko+uhFHpNA=="
    },
    "uikit": {
      "version": "3.0.0-rc.9",
      "resolved": "https://registry.npmjs.org/uikit/-/uikit-3.0.0-rc.9.tgz",
      "integrity": "sha512-A4TjHTE6HEKNHHKvU4Jz88hPp6KP7aVjOqTvO6Km1mibS/D+szTxnP3zccV0ivCqs/Gc59FWqVFfV6in5egCow=="
    }
  }
}
